
Microsoft Visual Studio Solution File, Format Version 12.00
# Visual Studio Version 17
VisualStudioVersion = 17.2.32616.157
MinimumVisualStudioVersion = 10.0.40219.1
Project("{FAE04EC0-301F-11D3-BF4B-00C04F79EFBC}") = "TanitimDersi", "TanitimDersi\TanitimDersi.csproj", "{276C2AE4-1918-446E-A450-B6DBEAC06D96}"
EndProject
Project("{FAE04EC0-301F-11D3-BF4B-00C04F79EFBC}") = "HelloWorld", "..\..\..\..\..\C#Dersleri\HelloWorld\HelloWorld.csproj", "{1AAAFAF4-A309-4B7D-BD64-161C40C0534C}"
EndProject
Global
	GlobalSection(SolutionConfigurationPlatforms) = preSolution
		Debug|Any CPU = Debug|Any CPU
		Release|Any CPU = Release|Any CPU
	EndGlobalSection
	GlobalSection(ProjectConfigurationPlatforms) = postSolution
		{276C2AE4-1918-446E-A450-B6DBEAC06D96}.Debug|Any CPU.ActiveCfg = Debug|Any CPU
		{276C2AE4-1918-446E-A450-B6DBEAC06D96}.Debug|Any CPU.Build.0 = Debug|Any CPU
		{276C2AE4-1918-446E-A450-B6DBEAC06D96}.Release|Any CPU.ActiveCfg = Release|Any CPU
		{276C2AE4-1918-446E-A450-B6DBEAC06D96}.Release|Any CPU.Build.0 = Release|Any CPU
		{1AAAFAF4-A309-4B7D-BD64-161C40C0534C}.Debug|Any CPU.ActiveCfg = Debug|Any CPU
		{1AAAFAF4-A309-4B7D-BD64-161C40C0534C}.Debug|Any CPU.Build.0 = Debug|Any CPU
		{1AAAFAF4-A309-4B7D-BD64-161C40C0534C}.Release|Any CPU.ActiveCfg = Release|Any CPU
		{1AAAFAF4-A309-4B7D-BD64-161C40C0534C}.Release|Any CPU.Build.0 = Release|Any CPU
	EndGlobalSection
	GlobalSection(SolutionProperties) = preSolution
		HideSolutionNode = FALSE
	EndGlobalSection
	GlobalSection(ExtensibilityGlobals) = postSolution
		SolutionGuid = {0381F2B1-5C2A-41C2-A8A6-3E35670F7C33}
	EndGlobalSection
EndGlobal
