
Microsoft Visual Studio Solution File, Format Version 12.00
# Visual Studio Version 17
VisualStudioVersion = 17.2.32616.157
MinimumVisualStudioVersion = 10.0.40219.1
Project("{FAE04EC0-301F-11D3-BF4B-00C04F79EFBC}") = "DizilerOrnek2", "DizilerOrnek2\DizilerOrnek2.csproj", "{14322CE7-6DAD-4C53-AE9F-437630C67090}"
EndProject
Global
	GlobalSection(SolutionConfigurationPlatforms) = preSolution
		Debug|Any CPU = Debug|Any CPU
		Release|Any CPU = Release|Any CPU
	EndGlobalSection
	GlobalSection(ProjectConfigurationPlatforms) = postSolution
		{14322CE7-6DAD-4C53-AE9F-437630C67090}.Debug|Any CPU.ActiveCfg = Debug|Any CPU
		{14322CE7-6DAD-4C53-AE9F-437630C67090}.Debug|Any CPU.Build.0 = Debug|Any CPU
		{14322CE7-6DAD-4C53-AE9F-437630C67090}.Release|Any CPU.ActiveCfg = Release|Any CPU
		{14322CE7-6DAD-4C53-AE9F-437630C67090}.Release|Any CPU.Build.0 = Release|Any CPU
	EndGlobalSection
	GlobalSection(SolutionProperties) = preSolution
		HideSolutionNode = FALSE
	EndGlobalSection
	GlobalSection(ExtensibilityGlobals) = postSolution
		SolutionGuid = {AE9CB625-2618-4001-80B0-1134B1B04CB8}
	EndGlobalSection
EndGlobal
