
Microsoft Visual Studio Solution File, Format Version 12.00
# Visual Studio Version 17
VisualStudioVersion = 17.2.32616.157
MinimumVisualStudioVersion = 10.0.40219.1
Project("{FAE04EC0-301F-11D3-BF4B-00C04F79EFBC}") = "MiniATM_Projesi", "MiniATM_Projesi\MiniATM_Projesi.csproj", "{025CA0E5-93EF-4C58-BB62-28D7830286CC}"
EndProject
Global
	GlobalSection(SolutionConfigurationPlatforms) = preSolution
		Debug|Any CPU = Debug|Any CPU
		Release|Any CPU = Release|Any CPU
	EndGlobalSection
	GlobalSection(ProjectConfigurationPlatforms) = postSolution
		{025CA0E5-93EF-4C58-BB62-28D7830286CC}.Debug|Any CPU.ActiveCfg = Debug|Any CPU
		{025CA0E5-93EF-4C58-BB62-28D7830286CC}.Debug|Any CPU.Build.0 = Debug|Any CPU
		{025CA0E5-93EF-4C58-BB62-28D7830286CC}.Release|Any CPU.ActiveCfg = Release|Any CPU
		{025CA0E5-93EF-4C58-BB62-28D7830286CC}.Release|Any CPU.Build.0 = Release|Any CPU
	EndGlobalSection
	GlobalSection(SolutionProperties) = preSolution
		HideSolutionNode = FALSE
	EndGlobalSection
	GlobalSection(ExtensibilityGlobals) = postSolution
		SolutionGuid = {59F1940F-5FBB-4892-8879-65F3ADCCDEC3}
	EndGlobalSection
EndGlobal
