
Microsoft Visual Studio Solution File, Format Version 12.00
# Visual Studio Version 17
VisualStudioVersion = 17.2.32616.157
MinimumVisualStudioVersion = 10.0.40219.1
Project("{FAE04EC0-301F-11D3-BF4B-00C04F79EFBC}") = "DizilerGiris", "DizilerGiris\DizilerGiris.csproj", "{4EE4CC5F-C10A-4413-8952-BD2FF2DF2B70}"
EndProject
Global
	GlobalSection(SolutionConfigurationPlatforms) = preSolution
		Debug|Any CPU = Debug|Any CPU
		Release|Any CPU = Release|Any CPU
	EndGlobalSection
	GlobalSection(ProjectConfigurationPlatforms) = postSolution
		{4EE4CC5F-C10A-4413-8952-BD2FF2DF2B70}.Debug|Any CPU.ActiveCfg = Debug|Any CPU
		{4EE4CC5F-C10A-4413-8952-BD2FF2DF2B70}.Debug|Any CPU.Build.0 = Debug|Any CPU
		{4EE4CC5F-C10A-4413-8952-BD2FF2DF2B70}.Release|Any CPU.ActiveCfg = Release|Any CPU
		{4EE4CC5F-C10A-4413-8952-BD2FF2DF2B70}.Release|Any CPU.Build.0 = Release|Any CPU
	EndGlobalSection
	GlobalSection(SolutionProperties) = preSolution
		HideSolutionNode = FALSE
	EndGlobalSection
	GlobalSection(ExtensibilityGlobals) = postSolution
		SolutionGuid = {DF139083-A38A-4DD3-8019-19F2F0342388}
	EndGlobalSection
EndGlobal
