
Microsoft Visual Studio Solution File, Format Version 12.00
# Visual Studio Version 17
VisualStudioVersion = 17.2.32616.157
MinimumVisualStudioVersion = 10.0.40219.1
Project("{FAE04EC0-301F-11D3-BF4B-00C04F79EFBC}") = "MetotlarGiris2", "MetotlarGiris2\MetotlarGiris2.csproj", "{65E143B1-3F27-4F0D-9ADE-647A305490D2}"
EndProject
Global
	GlobalSection(SolutionConfigurationPlatforms) = preSolution
		Debug|Any CPU = Debug|Any CPU
		Release|Any CPU = Release|Any CPU
	EndGlobalSection
	GlobalSection(ProjectConfigurationPlatforms) = postSolution
		{65E143B1-3F27-4F0D-9ADE-647A305490D2}.Debug|Any CPU.ActiveCfg = Debug|Any CPU
		{65E143B1-3F27-4F0D-9ADE-647A305490D2}.Debug|Any CPU.Build.0 = Debug|Any CPU
		{65E143B1-3F27-4F0D-9ADE-647A305490D2}.Release|Any CPU.ActiveCfg = Release|Any CPU
		{65E143B1-3F27-4F0D-9ADE-647A305490D2}.Release|Any CPU.Build.0 = Release|Any CPU
	EndGlobalSection
	GlobalSection(SolutionProperties) = preSolution
		HideSolutionNode = FALSE
	EndGlobalSection
	GlobalSection(ExtensibilityGlobals) = postSolution
		SolutionGuid = {8A0F7D58-0D59-4A63-816A-6D07D3434594}
	EndGlobalSection
EndGlobal
