
Microsoft Visual Studio Solution File, Format Version 12.00
# Visual Studio Version 17
VisualStudioVersion = 17.2.32616.157
MinimumVisualStudioVersion = 10.0.40219.1
Project("{FAE04EC0-301F-11D3-BF4B-00C04F79EFBC}") = "ForDongusuPratik2", "ForDongusuPratik2\ForDongusuPratik2.csproj", "{ABEDE5D4-391D-4286-81EF-BF7E5D34E5EC}"
EndProject
Global
	GlobalSection(SolutionConfigurationPlatforms) = preSolution
		Debug|Any CPU = Debug|Any CPU
		Release|Any CPU = Release|Any CPU
	EndGlobalSection
	GlobalSection(ProjectConfigurationPlatforms) = postSolution
		{ABEDE5D4-391D-4286-81EF-BF7E5D34E5EC}.Debug|Any CPU.ActiveCfg = Debug|Any CPU
		{ABEDE5D4-391D-4286-81EF-BF7E5D34E5EC}.Debug|Any CPU.Build.0 = Debug|Any CPU
		{ABEDE5D4-391D-4286-81EF-BF7E5D34E5EC}.Release|Any CPU.ActiveCfg = Release|Any CPU
		{ABEDE5D4-391D-4286-81EF-BF7E5D34E5EC}.Release|Any CPU.Build.0 = Release|Any CPU
	EndGlobalSection
	GlobalSection(SolutionProperties) = preSolution
		HideSolutionNode = FALSE
	EndGlobalSection
	GlobalSection(ExtensibilityGlobals) = postSolution
		SolutionGuid = {933B0B2B-CCA9-40A9-877C-2F0080A92CF8}
	EndGlobalSection
EndGlobal
