
Microsoft Visual Studio Solution File, Format Version 12.00
# Visual Studio Version 17
VisualStudioVersion = 17.2.32616.157
MinimumVisualStudioVersion = 10.0.40219.1
Project("{FAE04EC0-301F-11D3-BF4B-00C04F79EFBC}") = "ForDondusuPratik", "ForDondusuPratik\ForDondusuPratik.csproj", "{6C3FD8DB-24B2-481C-90AF-9E5BF3B9E999}"
EndProject
Global
	GlobalSection(SolutionConfigurationPlatforms) = preSolution
		Debug|Any CPU = Debug|Any CPU
		Release|Any CPU = Release|Any CPU
	EndGlobalSection
	GlobalSection(ProjectConfigurationPlatforms) = postSolution
		{6C3FD8DB-24B2-481C-90AF-9E5BF3B9E999}.Debug|Any CPU.ActiveCfg = Debug|Any CPU
		{6C3FD8DB-24B2-481C-90AF-9E5BF3B9E999}.Debug|Any CPU.Build.0 = Debug|Any CPU
		{6C3FD8DB-24B2-481C-90AF-9E5BF3B9E999}.Release|Any CPU.ActiveCfg = Release|Any CPU
		{6C3FD8DB-24B2-481C-90AF-9E5BF3B9E999}.Release|Any CPU.Build.0 = Release|Any CPU
	EndGlobalSection
	GlobalSection(SolutionProperties) = preSolution
		HideSolutionNode = FALSE
	EndGlobalSection
	GlobalSection(ExtensibilityGlobals) = postSolution
		SolutionGuid = {7B147060-CAE3-4B0D-8776-4C669CF57170}
	EndGlobalSection
EndGlobal
