
Microsoft Visual Studio Solution File, Format Version 12.00
# Visual Studio Version 17
VisualStudioVersion = 17.2.32616.157
MinimumVisualStudioVersion = 10.0.40219.1
Project("{FAE04EC0-301F-11D3-BF4B-00C04F79EFBC}") = "BreakveContinueAnahtarKelimeleri", "BreakveContinueAnahtarKelimeleri\BreakveContinueAnahtarKelimeleri.csproj", "{6BF19945-498A-4809-8458-F24386503227}"
EndProject
Global
	GlobalSection(SolutionConfigurationPlatforms) = preSolution
		Debug|Any CPU = Debug|Any CPU
		Release|Any CPU = Release|Any CPU
	EndGlobalSection
	GlobalSection(ProjectConfigurationPlatforms) = postSolution
		{6BF19945-498A-4809-8458-F24386503227}.Debug|Any CPU.ActiveCfg = Debug|Any CPU
		{6BF19945-498A-4809-8458-F24386503227}.Debug|Any CPU.Build.0 = Debug|Any CPU
		{6BF19945-498A-4809-8458-F24386503227}.Release|Any CPU.ActiveCfg = Release|Any CPU
		{6BF19945-498A-4809-8458-F24386503227}.Release|Any CPU.Build.0 = Release|Any CPU
	EndGlobalSection
	GlobalSection(SolutionProperties) = preSolution
		HideSolutionNode = FALSE
	EndGlobalSection
	GlobalSection(ExtensibilityGlobals) = postSolution
		SolutionGuid = {7D174328-7C16-4554-9129-E81D0B4AEF7B}
	EndGlobalSection
EndGlobal
