
Microsoft Visual Studio Solution File, Format Version 12.00
# Visual Studio Version 17
VisualStudioVersion = 17.2.32616.157
MinimumVisualStudioVersion = 10.0.40219.1
Project("{FAE04EC0-301F-11D3-BF4B-00C04F79EFBC}") = "PublicVePrivateErisimBelirleyicileri", "PublicVePrivateErisimBelirleyicileri\PublicVePrivateErisimBelirleyicileri.csproj", "{5A9CCBC6-4E74-404F-860E-94C4DCBF7333}"
EndProject
Global
	GlobalSection(SolutionConfigurationPlatforms) = preSolution
		Debug|Any CPU = Debug|Any CPU
		Release|Any CPU = Release|Any CPU
	EndGlobalSection
	GlobalSection(ProjectConfigurationPlatforms) = postSolution
		{5A9CCBC6-4E74-404F-860E-94C4DCBF7333}.Debug|Any CPU.ActiveCfg = Debug|Any CPU
		{5A9CCBC6-4E74-404F-860E-94C4DCBF7333}.Debug|Any CPU.Build.0 = Debug|Any CPU
		{5A9CCBC6-4E74-404F-860E-94C4DCBF7333}.Release|Any CPU.ActiveCfg = Release|Any CPU
		{5A9CCBC6-4E74-404F-860E-94C4DCBF7333}.Release|Any CPU.Build.0 = Release|Any CPU
	EndGlobalSection
	GlobalSection(SolutionProperties) = preSolution
		HideSolutionNode = FALSE
	EndGlobalSection
	GlobalSection(ExtensibilityGlobals) = postSolution
		SolutionGuid = {D0F9BE6B-B38C-42B6-8EE4-1CC0B2DDBD20}
	EndGlobalSection
EndGlobal
